// !$*UTF8*$!
{
	archiveVersion = 1;
	classes = {
	};
	objectVersion = 56;
	objects = {

/* Begin PBXBuildFile section */
		6D5AF9F02A01F3E800FE5782 /* AppDelegate.swift in Sources */ = {isa = PBXBuildFile; fileRef = 6D5AF9EF2A01F3E800FE5782 /* AppDelegate.swift */; };
		6D5AF9F22A01F3E800FE5782 /* SceneDelegate.swift in Sources */ = {isa = PBXBuildFile; fileRef = 6D5AF9F12A01F3E800FE5782 /* SceneDelegate.swift */; };
		6D5AF9F42A01F3E800FE5782 /* ViewController.swift in Sources */ = {isa = PBXBuildFile; fileRef = 6D5AF9F32A01F3E800FE5782 /* ViewController.swift */; };
		6D5AF9F72A01F3E800FE5782 /* Main.storyboard in Resources */ = {isa = PBXBuildFile; fileRef = 6D5AF9F52A01F3E800FE5782 /* Main.storyboard */; };
		6D5AF9F92A01F3E900FE5782 /* Assets.xcassets in Resources */ = {isa = PBXBuildFile; fileRef = 6D5AF9F82A01F3E900FE5782 /* Assets.xcassets */; };
		6D5AF9FC2A01F3E900FE5782 /* LaunchScreen.storyboard in Resources */ = {isa = PBXBuildFile; fileRef = 6D5AF9FA2A01F3E900FE5782 /* LaunchScreen.storyboard */; };
		6D97526E2A036CC60095B1D8 /* Trip.swift in Sources */ = {isa = PBXBuildFile; fileRef = 6D97526D2A036CC60095B1D8 /* Trip.swift */; };
		6D9752702A0370870095B1D8 /* Category.swift in Sources */ = {isa = PBXBuildFile; fileRef = 6D97526F2A0370870095B1D8 /* Category.swift */; };
		6D9752742A0372100095B1D8 /* Location.swift in Sources */ = {isa = PBXBuildFile; fileRef = 6D9752732A0372100095B1D8 /* Location.swift */; };
		6D9752762A0372A20095B1D8 /* Accommodation.swift in Sources */ = {isa = PBXBuildFile; fileRef = 6D9752752A0372A20095B1D8 /* Accommodation.swift */; };
		6D9752782A03757D0095B1D8 /* Place.swift in Sources */ = {isa = PBXBuildFile; fileRef = 6D9752772A03757D0095B1D8 /* Place.swift */; };
		6D9752842A038CEA0095B1D8 /* TripTableViewController.swift in Sources */ = {isa = PBXBuildFile; fileRef = 6D9752832A038CEA0095B1D8 /* TripTableViewController.swift */; };
		6DB3A00E2A03937C00250F69 /* LocationTableViewController.swift in Sources */ = {isa = PBXBuildFile; fileRef = 6DB3A00D2A03937C00250F69 /* LocationTableViewController.swift */; };
		6DB3A0102A03963C00250F69 /* TripTableViewCell.swift in Sources */ = {isa = PBXBuildFile; fileRef = 6DB3A00F2A03963C00250F69 /* TripTableViewCell.swift */; };
/* End PBXBuildFile section */

/* Begin PBXFileReference section */
		6D5AF9EC2A01F3E800FE5782 /* TripHive.app */ = {isa = PBXFileReference; explicitFileType = wrapper.application; includeInIndex = 0; path = TripHive.app; sourceTree = BUILT_PRODUCTS_DIR; };
		6D5AF9EF2A01F3E800FE5782 /* AppDelegate.swift */ = {isa = PBXFileReference; lastKnownFileType = sourcecode.swift; path = AppDelegate.swift; sourceTree = "<group>"; };
		6D5AF9F12A01F3E800FE5782 /* SceneDelegate.swift */ = {isa = PBXFileReference; lastKnownFileType = sourcecode.swift; path = SceneDelegate.swift; sourceTree = "<group>"; };
		6D5AF9F32A01F3E800FE5782 /* ViewController.swift */ = {isa = PBXFileReference; lastKnownFileType = sourcecode.swift; path = ViewController.swift; sourceTree = "<group>"; };
		6D5AF9F62A01F3E800FE5782 /* Base */ = {isa = PBXFileReference; lastKnownFileType = file.storyboard; name = Base; path = Base.lproj/Main.storyboard; sourceTree = "<group>"; };
		6D5AF9F82A01F3E900FE5782 /* Assets.xcassets */ = {isa = PBXFileReference; lastKnownFileType = folder.assetcatalog; path = Assets.xcassets; sourceTree = "<group>"; };
		6D5AF9FB2A01F3E900FE5782 /* Base */ = {isa = PBXFileReference; lastKnownFileType = file.storyboard; name = Base; path = Base.lproj/LaunchScreen.storyboard; sourceTree = "<group>"; };
		6D5AF9FD2A01F3E900FE5782 /* Info.plist */ = {isa = PBXFileReference; lastKnownFileType = text.plist.xml; path = Info.plist; sourceTree = "<group>"; };
		6D97526D2A036CC60095B1D8 /* Trip.swift */ = {isa = PBXFileReference; lastKnownFileType = sourcecode.swift; path = Trip.swift; sourceTree = "<group>"; };
		6D97526F2A0370870095B1D8 /* Category.swift */ = {isa = PBXFileReference; lastKnownFileType = sourcecode.swift; path = Category.swift; sourceTree = "<group>"; };
		6D9752732A0372100095B1D8 /* Location.swift */ = {isa = PBXFileReference; lastKnownFileType = sourcecode.swift; path = Location.swift; sourceTree = "<group>"; };
		6D9752752A0372A20095B1D8 /* Accommodation.swift */ = {isa = PBXFileReference; lastKnownFileType = sourcecode.swift; path = Accommodation.swift; sourceTree = "<group>"; };
		6D9752772A03757D0095B1D8 /* Place.swift */ = {isa = PBXFileReference; lastKnownFileType = sourcecode.swift; path = Place.swift; sourceTree = "<group>"; };
		6D9752832A038CEA0095B1D8 /* TripTableViewController.swift */ = {isa = PBXFileReference; lastKnownFileType = sourcecode.swift; path = TripTableViewController.swift; sourceTree = "<group>"; };
		6DB3A00D2A03937C00250F69 /* LocationTableViewController.swift */ = {isa = PBXFileReference; lastKnownFileType = sourcecode.swift; path = LocationTableViewController.swift; sourceTree = "<group>"; };
		6DB3A00F2A03963C00250F69 /* TripTableViewCell.swift */ = {isa = PBXFileReference; lastKnownFileType = sourcecode.swift; path = TripTableViewCell.swift; sourceTree = "<group>"; };
/* End PBXFileReference section */

/* Begin PBXFrameworksBuildPhase section */
		6D5AF9E92A01F3E800FE5782 /* Frameworks */ = {
			isa = PBXFrameworksBuildPhase;
			buildActionMask = 2147483647;
			files = (
			);
			runOnlyForDeploymentPostprocessing = 0;
		};
/* End PBXFrameworksBuildPhase section */

/* Begin PBXGroup section */
		6D5AF9E32A01F3E800FE5782 = {
			isa = PBXGroup;
			children = (
				6D5AF9EE2A01F3E800FE5782 /* TripHive */,
				6D5AF9ED2A01F3E800FE5782 /* Products */,
			);
			sourceTree = "<group>";
		};
		6D5AF9ED2A01F3E800FE5782 /* Products */ = {
			isa = PBXGroup;
			children = (
				6D5AF9EC2A01F3E800FE5782 /* TripHive.app */,
			);
			name = Products;
			sourceTree = "<group>";
		};
		6D5AF9EE2A01F3E800FE5782 /* TripHive */ = {
			isa = PBXGroup;
			children = (
				6D97526C2A0369FB0095B1D8 /* Controller */,
				6D97526B2A0369F50095B1D8 /* View */,
				6D97526A2A0369E90095B1D8 /* Model */,
				6D5AF9EF2A01F3E800FE5782 /* AppDelegate.swift */,
				6D5AF9F12A01F3E800FE5782 /* SceneDelegate.swift */,
				6D5AF9F52A01F3E800FE5782 /* Main.storyboard */,
				6D5AF9F82A01F3E900FE5782 /* Assets.xcassets */,
				6D5AF9FA2A01F3E900FE5782 /* LaunchScreen.storyboard */,
				6D5AF9FD2A01F3E900FE5782 /* Info.plist */,
			);
			path = TripHive;
			sourceTree = "<group>";
		};
		6D97526A2A0369E90095B1D8 /* Model */ = {
			isa = PBXGroup;
			children = (
				6D97526D2A036CC60095B1D8 /* Trip.swift */,
				6D9752732A0372100095B1D8 /* Location.swift */,
				6D97526F2A0370870095B1D8 /* Category.swift */,
				6D9752752A0372A20095B1D8 /* Accommodation.swift */,
				6D9752772A03757D0095B1D8 /* Place.swift */,
			);
			path = Model;
			sourceTree = "<group>";
		};
		6D97526B2A0369F50095B1D8 /* View */ = {
			isa = PBXGroup;
			children = (
				6D5AF9F32A01F3E800FE5782 /* ViewController.swift */,
				6D9752832A038CEA0095B1D8 /* TripTableViewController.swift */,
				6DB3A00F2A03963C00250F69 /* TripTableViewCell.swift */,
				6DB3A00D2A03937C00250F69 /* LocationTableViewController.swift */,
			);
			path = View;
			sourceTree = "<group>";
		};
		6D97526C2A0369FB0095B1D8 /* Controller */ = {
			isa = PBXGroup;
			children = (
			);
			path = Controller;
			sourceTree = "<group>";
		};
/* End PBXGroup section */

/* Begin PBXNativeTarget section */
		6D5AF9EB2A01F3E800FE5782 /* TripHive */ = {
			isa = PBXNativeTarget;
			buildConfigurationList = 6D5AFA002A01F3E900FE5782 /* Build configuration list for PBXNativeTarget "TripHive" */;
			buildPhases = (
				6D5AF9E82A01F3E800FE5782 /* Sources */,
				6D5AF9E92A01F3E800FE5782 /* Frameworks */,
				6D5AF9EA2A01F3E800FE5782 /* Resources */,
			);
			buildRules = (
			);
			dependencies = (
			);
			name = TripHive;
			productName = TripHive;
			productReference = 6D5AF9EC2A01F3E800FE5782 /* TripHive.app */;
			productType = "com.apple.product-type.application";
		};
/* End PBXNativeTarget section */

/* Begin PBXProject section */
		6D5AF9E42A01F3E800FE5782 /* Project object */ = {
			isa = PBXProject;
			attributes = {
				BuildIndependentTargetsInParallel = 1;
				LastSwiftUpdateCheck = 1430;
				LastUpgradeCheck = 1430;
				TargetAttributes = {
					6D5AF9EB2A01F3E800FE5782 = {
						CreatedOnToolsVersion = 14.3;
					};
				};
			};
			buildConfigurationList = 6D5AF9E72A01F3E800FE5782 /* Build configuration list for PBXProject "TripHive" */;
			compatibilityVersion = "Xcode 14.0";
			developmentRegion = en;
			hasScannedForEncodings = 0;
			knownRegions = (
				en,
				Base,
			);
			mainGroup = 6D5AF9E32A01F3E800FE5782;
			productRefGroup = 6D5AF9ED2A01F3E800FE5782 /* Products */;
			projectDirPath = "";
			projectRoot = "";
			targets = (
				6D5AF9EB2A01F3E800FE5782 /* TripHive */,
			);
		};
/* End PBXProject section */

/* Begin PBXResourcesBuildPhase section */
		6D5AF9EA2A01F3E800FE5782 /* Resources */ = {
			isa = PBXResourcesBuildPhase;
			buildActionMask = 2147483647;
			files = (
				6D5AF9FC2A01F3E900FE5782 /* LaunchScreen.storyboard in Resources */,
				6D5AF9F92A01F3E900FE5782 /* Assets.xcassets in Resources */,
				6D5AF9F72A01F3E800FE5782 /* Main.storyboard in Resources */,
			);
			runOnlyForDeploymentPostprocessing = 0;
		};
/* End PBXResourcesBuildPhase section */

/* Begin PBXSourcesBuildPhase section */
		6D5AF9E82A01F3E800FE5782 /* Sources */ = {
			isa = PBXSourcesBuildPhase;
			buildActionMask = 2147483647;
			files = (
				6DB3A0102A03963C00250F69 /* TripTableViewCell.swift in Sources */,
				6D97526E2A036CC60095B1D8 /* Trip.swift in Sources */,
				6D9752702A0370870095B1D8 /* Category.swift in Sources */,
				6D9752842A038CEA0095B1D8 /* TripTableViewController.swift in Sources */,
				6D5AF9F42A01F3E800FE5782 /* ViewController.swift in Sources */,
				6D9752782A03757D0095B1D8 /* Place.swift in Sources */,
				6D5AF9F02A01F3E800FE5782 /* AppDelegate.swift in Sources */,
				6D9752742A0372100095B1D8 /* Location.swift in Sources */,
				6D5AF9F22A01F3E800FE5782 /* SceneDelegate.swift in Sources */,
				6DB3A00E2A03937C00250F69 /* LocationTableViewController.swift in Sources */,
				6D9752762A0372A20095B1D8 /* Accommodation.swift in Sources */,
			);
			runOnlyForDeploymentPostprocessing = 0;
		};
/* End PBXSourcesBuildPhase section */

/* Begin PBXVariantGroup section */
		6D5AF9F52A01F3E800FE5782 /* Main.storyboard */ = {
			isa = PBXVariantGroup;
			children = (
				6D5AF9F62A01F3E800FE5782 /* Base */,
			);
			name = Main.storyboard;
			sourceTree = "<group>";
		};
		6D5AF9FA2A01F3E900FE5782 /* LaunchScreen.storyboard */ = {
			isa = PBXVariantGroup;
			children = (
				6D5AF9FB2A01F3E900FE5782 /* Base */,
			);
			name = LaunchScreen.storyboard;
			sourceTree = "<group>";
		};
/* End PBXVariantGroup section */

/* Begin XCBuildConfiguration section */
		6D5AF9FE2A01F3E900FE5782 /* Debug */ = {
			isa = XCBuildConfiguration;
			buildSettings = {
				ALWAYS_SEARCH_USER_PATHS = NO;
				CLANG_ANALYZER_NONNULL = YES;
				CLANG_ANALYZER_NUMBER_OBJECT_CONVERSION = YES_AGGRESSIVE;
				CLANG_CXX_LANGUAGE_STANDARD = "gnu++20";
				CLANG_ENABLE_MODULES = YES;
				CLANG_ENABLE_OBJC_ARC = YES;
				CLANG_ENABLE_OBJC_WEAK = YES;
				CLANG_WARN_BLOCK_CAPTURE_AUTORELEASING = YES;
				CLANG_WARN_BOOL_CONVERSION = YES;
				CLANG_WARN_COMMA = YES;
				CLANG_WARN_CONSTANT_CONVERSION = YES;
				CLANG_WARN_DEPRECATED_OBJC_IMPLEMENTATIONS = YES;
				CLANG_WARN_DIRECT_OBJC_ISA_USAGE = YES_ERROR;
				CLANG_WARN_DOCUMENTATION_COMMENTS = YES;
				CLANG_WARN_EMPTY_BODY = YES;
				CLANG_WARN_ENUM_CONVERSION = YES;
				CLANG_WARN_INFINITE_RECURSION = YES;
				CLANG_WARN_INT_CONVERSION = YES;
				CLANG_WARN_NON_LITERAL_NULL_CONVERSION = YES;
				CLANG_WARN_OBJC_IMPLICIT_RETAIN_SELF = YES;
				CLANG_WARN_OBJC_LITERAL_CONVERSION = YES;
				CLANG_WARN_OBJC_ROOT_CLASS = YES_ERROR;
				CLANG_WARN_QUOTED_INCLUDE_IN_FRAMEWORK_HEADER = YES;
				CLANG_WARN_RANGE_LOOP_ANALYSIS = YES;
				CLANG_WARN_STRICT_PROTOTYPES = YES;
				CLANG_WARN_SUSPICIOUS_MOVE = YES;
				CLANG_WARN_UNGUARDED_AVAILABILITY = YES_AGGRESSIVE;
				CLANG_WARN_UNREACHABLE_CODE = YES;
				CLANG_WARN__DUPLICATE_METHOD_MATCH = YES;
				COPY_PHASE_STRIP = NO;
				DEBUG_INFORMATION_FORMAT = dwarf;
				ENABLE_STRICT_OBJC_MSGSEND = YES;
				ENABLE_TESTABILITY = YES;
				GCC_C_LANGUAGE_STANDARD = gnu11;
				GCC_DYNAMIC_NO_PIC = NO;
				GCC_NO_COMMON_BLOCKS = YES;
				GCC_OPTIMIZATION_LEVEL = 0;
				GCC_PREPROCESSOR_DEFINITIONS = (
					"DEBUG=1",
					"$(inherited)",
				);
				GCC_WARN_64_TO_32_BIT_CONVERSION = YES;
				GCC_WARN_ABOUT_RETURN_TYPE = YES_ERROR;
				GCC_WARN_UNDECLARED_SELECTOR = YES;
				GCC_WARN_UNINITIALIZED_AUTOS = YES_AGGRESSIVE;
				GCC_WARN_UNUSED_FUNCTION = YES;
				GCC_WARN_UNUSED_VARIABLE = YES;
				IPHONEOS_DEPLOYMENT_TARGET = 16.4;
				MTL_ENABLE_DEBUG_INFO = INCLUDE_SOURCE;
				MTL_FAST_MATH = YES;
				ONLY_ACTIVE_ARCH = YES;
				SDKROOT = iphoneos;
				SWIFT_ACTIVE_COMPILATION_CONDITIONS = DEBUG;
				SWIFT_OPTIMIZATION_LEVEL = "-Onone";
			};
			name = Debug;
		};
		6D5AF9FF2A01F3E900FE5782 /* Release */ = {
			isa = XCBuildConfiguration;
			buildSettings = {
				ALWAYS_SEARCH_USER_PATHS = NO;
				CLANG_ANALYZER_NONNULL = YES;
				CLANG_ANALYZER_NUMBER_OBJECT_CONVERSION = YES_AGGRESSIVE;
				CLANG_CXX_LANGUAGE_STANDARD = "gnu++20";
				CLANG_ENABLE_MODULES = YES;
				CLANG_ENABLE_OBJC_ARC = YES;
				CLANG_ENABLE_OBJC_WEAK = YES;
				CLANG_WARN_BLOCK_CAPTURE_AUTORELEASING = YES;
				CLANG_WARN_BOOL_CONVERSION = YES;
				CLANG_WARN_COMMA = YES;
				CLANG_WARN_CONSTANT_CONVERSION = YES;
				CLANG_WARN_DEPRECATED_OBJC_IMPLEMENTATIONS = YES;
				CLANG_WARN_DIRECT_OBJC_ISA_USAGE = YES_ERROR;
				CLANG_WARN_DOCUMENTATION_COMMENTS = YES;
				CLANG_WARN_EMPTY_BODY = YES;
				CLANG_WARN_ENUM_CONVERSION = YES;
				CLANG_WARN_INFINITE_RECURSION = YES;
				CLANG_WARN_INT_CONVERSION = YES;
				CLANG_WARN_NON_LITERAL_NULL_CONVERSION = YES;
				CLANG_WARN_OBJC_IMPLICIT_RETAIN_SELF = YES;
				CLANG_WARN_OBJC_LITERAL_CONVERSION = YES;
				CLANG_WARN_OBJC_ROOT_CLASS = YES_ERROR;
				CLANG_WARN_QUOTED_INCLUDE_IN_FRAMEWORK_HEADER = YES;
				CLANG_WARN_RANGE_LOOP_ANALYSIS = YES;
				CLANG_WARN_STRICT_PROTOTYPES = YES;
				CLANG_WARN_SUSPICIOUS_MOVE = YES;
				CLANG_WARN_UNGUARDED_AVAILABILITY = YES_AGGRESSIVE;
				CLANG_WARN_UNREACHABLE_CODE = YES;
				CLANG_WARN__DUPLICATE_METHOD_MATCH = YES;
				COPY_PHASE_STRIP = NO;
				DEBUG_INFORMATION_FORMAT = "dwarf-with-dsym";
				ENABLE_NS_ASSERTIONS = NO;
				ENABLE_STRICT_OBJC_MSGSEND = YES;
				GCC_C_LANGUAGE_STANDARD = gnu11;
				GCC_NO_COMMON_BLOCKS = YES;
				GCC_WARN_64_TO_32_BIT_CONVERSION = YES;
				GCC_WARN_ABOUT_RETURN_TYPE = YES_ERROR;
				GCC_WARN_UNDECLARED_SELECTOR = YES;
				GCC_WARN_UNINITIALIZED_AUTOS = YES_AGGRESSIVE;
				GCC_WARN_UNUSED_FUNCTION = YES;
				GCC_WARN_UNUSED_VARIABLE = YES;
				IPHONEOS_DEPLOYMENT_TARGET = 16.4;
				MTL_ENABLE_DEBUG_INFO = NO;
				MTL_FAST_MATH = YES;
				SDKROOT = iphoneos;
				SWIFT_COMPILATION_MODE = wholemodule;
				SWIFT_OPTIMIZATION_LEVEL = "-O";
				VALIDATE_PRODUCT = YES;
			};
			name = Release;
		};
		6D5AFA012A01F3E900FE5782 /* Debug */ = {
			isa = XCBuildConfiguration;
			buildSettings = {
				ASSETCATALOG_COMPILER_APPICON_NAME = AppIcon;
				ASSETCATALOG_COMPILER_GLOBAL_ACCENT_COLOR_NAME = AccentColor;
				CODE_SIGN_STYLE = Automatic;
				CURRENT_PROJECT_VERSION = 1;
				DEVELOPMENT_TEAM = M4K4X7Q7XA;
				GENERATE_INFOPLIST_FILE = YES;
				INFOPLIST_FILE = TripHive/Info.plist;
				INFOPLIST_KEY_UIApplicationSupportsIndirectInputEvents = YES;
				INFOPLIST_KEY_UILaunchStoryboardName = LaunchScreen;
				INFOPLIST_KEY_UIMainStoryboardFile = Main;
				INFOPLIST_KEY_UISupportedInterfaceOrientations_iPad = "UIInterfaceOrientationPortrait UIInterfaceOrientationPortraitUpsideDown UIInterfaceOrientationLandscapeLeft UIInterfaceOrientationLandscapeRight";
				INFOPLIST_KEY_UISupportedInterfaceOrientations_iPhone = "UIInterfaceOrientationPortrait UIInterfaceOrientationLandscapeLeft UIInterfaceOrientationLandscapeRight";
				LD_RUNPATH_SEARCH_PATHS = (
					"$(inherited)",
					"@executable_path/Frameworks",
				);
				MARKETING_VERSION = 1.0;
				PRODUCT_BUNDLE_IDENTIFIER = LachlanAtack.TripHive;
				PRODUCT_NAME = "$(TARGET_NAME)";
				SWIFT_EMIT_LOC_STRINGS = YES;
				SWIFT_VERSION = 5.0;
				TARGETED_DEVICE_FAMILY = "1,2";
			};
			name = Debug;
		};
		6D5AFA022A01F3E900FE5782 /* Release */ = {
			isa = XCBuildConfiguration;
			buildSettings = {
				ASSETCATALOG_COMPILER_APPICON_NAME = AppIcon;
				ASSETCATALOG_COMPILER_GLOBAL_ACCENT_COLOR_NAME = AccentColor;
				CODE_SIGN_STYLE = Automatic;
				CURRENT_PROJECT_VERSION = 1;
				DEVELOPMENT_TEAM = M4K4X7Q7XA;
				GENERATE_INFOPLIST_FILE = YES;
				INFOPLIST_FILE = TripHive/Info.plist;
				INFOPLIST_KEY_UIApplicationSupportsIndirectInputEvents = YES;
				INFOPLIST_KEY_UILaunchStoryboardName = LaunchScreen;
				INFOPLIST_KEY_UIMainStoryboardFile = Main;
				INFOPLIST_KEY_UISupportedInterfaceOrientations_iPad = "UIInterfaceOrientationPortrait UIInterfaceOrientationPortraitUpsideDown UIInterfaceOrientationLandscapeLeft UIInterfaceOrientationLandscapeRight";
				INFOPLIST_KEY_UISupportedInterfaceOrientations_iPhone = "UIInterfaceOrientationPortrait UIInterfaceOrientationLandscapeLeft UIInterfaceOrientationLandscapeRight";
				LD_RUNPATH_SEARCH_PATHS = (
					"$(inherited)",
					"@executable_path/Frameworks",
				);
				MARKETING_VERSION = 1.0;
				PRODUCT_BUNDLE_IDENTIFIER = LachlanAtack.TripHive;
				PRODUCT_NAME = "$(TARGET_NAME)";
				SWIFT_EMIT_LOC_STRINGS = YES;
				SWIFT_VERSION = 5.0;
				TARGETED_DEVICE_FAMILY = "1,2";
			};
			name = Release;
		};
/* End XCBuildConfiguration section */

/* Begin XCConfigurationList section */
		6D5AF9E72A01F3E800FE5782 /* Build configuration list for PBXProject "TripHive" */ = {
			isa = XCConfigurationList;
			buildConfigurations = (
				6D5AF9FE2A01F3E900FE5782 /* Debug */,
				6D5AF9FF2A01F3E900FE5782 /* Release */,
			);
			defaultConfigurationIsVisible = 0;
			defaultConfigurationName = Release;
		};
		6D5AFA002A01F3E900FE5782 /* Build configuration list for PBXNativeTarget "TripHive" */ = {
			isa = XCConfigurationList;
			buildConfigurations = (
				6D5AFA012A01F3E900FE5782 /* Debug */,
				6D5AFA022A01F3E900FE5782 /* Release */,
			);
			defaultConfigurationIsVisible = 0;
			defaultConfigurationName = Release;
		};
/* End XCConfigurationList section */
	};
	rootObject = 6D5AF9E42A01F3E800FE5782 /* Project object */;
}
